{
  "name": "nightrambler.com",
  "version": "0.1.0",
  "dependencies": {
    "body-parser": {
      "version": "1.13.1",
      "from": "https://registry.npmjs.org/body-parser/-/body-parser-1.13.1.tgz",
      "resolved": "https://registry.npmjs.org/body-parser/-/body-parser-1.13.1.tgz",
      "dependencies": {
        "bytes": {
          "version": "2.1.0",
          "from": "https://registry.npmjs.org/bytes/-/bytes-2.1.0.tgz",
          "resolved": "https://registry.npmjs.org/bytes/-/bytes-2.1.0.tgz"
        },
        "content-type": {
          "version": "1.0.1",
          "from": "https://registry.npmjs.org/content-type/-/content-type-1.0.1.tgz",
          "resolved": "https://registry.npmjs.org/content-type/-/content-type-1.0.1.tgz"
        },
        "debug": {
          "version": "2.2.0",
          "from": "https://registry.npmjs.org/debug/-/debug-2.2.0.tgz",
          "resolved": "https://registry.npmjs.org/debug/-/debug-2.2.0.tgz",
          "dependencies": {
            "ms": {
              "version": "0.7.1",
              "from": "https://registry.npmjs.org/ms/-/ms-0.7.1.tgz",
              "resolved": "https://registry.npmjs.org/ms/-/ms-0.7.1.tgz"
            }
          }
        },
        "depd": {
          "version": "1.0.1",
          "from": "https://registry.npmjs.org/depd/-/depd-1.0.1.tgz",
          "resolved": "https://registry.npmjs.org/depd/-/depd-1.0.1.tgz"
        },
        "http-errors": {
          "version": "1.3.1",
          "from": "https://registry.npmjs.org/http-errors/-/http-errors-1.3.1.tgz",
          "resolved": "https://registry.npmjs.org/http-errors/-/http-errors-1.3.1.tgz",
          "dependencies": {
            "inherits": {
              "version": "2.0.1",
              "from": "inherits@>=2.0.1 <2.1.0",
              "resolved": "https://registry.npmjs.org/inherits/-/inherits-2.0.1.tgz"
            },
            "statuses": {
              "version": "1.2.1",
              "from": "https://registry.npmjs.org/statuses/-/statuses-1.2.1.tgz",
              "resolved": "https://registry.npmjs.org/statuses/-/statuses-1.2.1.tgz"
            }
          }
        },
        "iconv-lite": {
          "version": "0.4.10",
          "from": "https://registry.npmjs.org/iconv-lite/-/iconv-lite-0.4.10.tgz",
          "resolved": "https://registry.npmjs.org/iconv-lite/-/iconv-lite-0.4.10.tgz"
        },
        "on-finished": {
          "version": "2.3.0",
          "from": "https://registry.npmjs.org/on-finished/-/on-finished-2.3.0.tgz",
          "resolved": "https://registry.npmjs.org/on-finished/-/on-finished-2.3.0.tgz",
          "dependencies": {
            "ee-first": {
              "version": "1.1.1",
              "from": "https://registry.npmjs.org/ee-first/-/ee-first-1.1.1.tgz",
              "resolved": "https://registry.npmjs.org/ee-first/-/ee-first-1.1.1.tgz"
            }
          }
        },
        "qs": {
          "version": "2.4.2",
          "from": "https://registry.npmjs.org/qs/-/qs-2.4.2.tgz",
          "resolved": "https://registry.npmjs.org/qs/-/qs-2.4.2.tgz"
        },
        "raw-body": {
          "version": "2.1.1",
          "from": "https://registry.npmjs.org/raw-body/-/raw-body-2.1.1.tgz",
          "resolved": "https://registry.npmjs.org/raw-body/-/raw-body-2.1.1.tgz",
          "dependencies": {
            "unpipe": {
              "version": "1.0.0",
              "from": "https://registry.npmjs.org/unpipe/-/unpipe-1.0.0.tgz",
              "resolved": "https://registry.npmjs.org/unpipe/-/unpipe-1.0.0.tgz"
            }
          }
        },
        "type-is": {
          "version": "1.6.3",
          "from": "https://registry.npmjs.org/type-is/-/type-is-1.6.3.tgz",
          "resolved": "https://registry.npmjs.org/type-is/-/type-is-1.6.3.tgz",
          "dependencies": {
            "media-typer": {
              "version": "0.3.0",
              "from": "https://registry.npmjs.org/media-typer/-/media-typer-0.3.0.tgz",
              "resolved": "https://registry.npmjs.org/media-typer/-/media-typer-0.3.0.tgz"
            },
            "mime-types": {
              "version": "2.1.2",
              "from": "https://registry.npmjs.org/mime-types/-/mime-types-2.1.2.tgz",
              "resolved": "https://registry.npmjs.org/mime-types/-/mime-types-2.1.2.tgz",
              "dependencies": {
                "mime-db": {
                  "version": "1.14.0",
                  "from": "https://registry.npmjs.org/mime-db/-/mime-db-1.14.0.tgz",
                  "resolved": "https://registry.npmjs.org/mime-db/-/mime-db-1.14.0.tgz"
                }
              }
            }
          }
        }
      }
    },
    "compression": {
      "version": "1.5.0",
      "from": "https://registry.npmjs.org/compression/-/compression-1.5.0.tgz",
      "resolved": "https://registry.npmjs.org/compression/-/compression-1.5.0.tgz",
      "dependencies": {
        "accepts": {
          "version": "1.2.10",
          "from": "https://registry.npmjs.org/accepts/-/accepts-1.2.10.tgz",
          "resolved": "https://registry.npmjs.org/accepts/-/accepts-1.2.10.tgz",
          "dependencies": {
            "mime-types": {
              "version": "2.1.2",
              "from": "https://registry.npmjs.org/mime-types/-/mime-types-2.1.2.tgz",
              "resolved": "https://registry.npmjs.org/mime-types/-/mime-types-2.1.2.tgz",
              "dependencies": {
                "mime-db": {
                  "version": "1.14.0",
                  "from": "https://registry.npmjs.org/mime-db/-/mime-db-1.14.0.tgz",
                  "resolved": "https://registry.npmjs.org/mime-db/-/mime-db-1.14.0.tgz"
                }
              }
            },
            "negotiator": {
              "version": "0.5.3",
              "from": "https://registry.npmjs.org/negotiator/-/negotiator-0.5.3.tgz",
              "resolved": "https://registry.npmjs.org/negotiator/-/negotiator-0.5.3.tgz"
            }
          }
        },
        "bytes": {
          "version": "2.1.0",
          "from": "https://registry.npmjs.org/bytes/-/bytes-2.1.0.tgz",
          "resolved": "https://registry.npmjs.org/bytes/-/bytes-2.1.0.tgz"
        },
        "compressible": {
          "version": "2.0.3",
          "from": "https://registry.npmjs.org/compressible/-/compressible-2.0.3.tgz",
          "resolved": "https://registry.npmjs.org/compressible/-/compressible-2.0.3.tgz",
          "dependencies": {
            "mime-db": {
              "version": "1.14.0",
              "from": "https://registry.npmjs.org/mime-db/-/mime-db-1.14.0.tgz",
              "resolved": "https://registry.npmjs.org/mime-db/-/mime-db-1.14.0.tgz"
            }
          }
        },
        "debug": {
          "version": "2.2.0",
          "from": "https://registry.npmjs.org/debug/-/debug-2.2.0.tgz",
          "resolved": "https://registry.npmjs.org/debug/-/debug-2.2.0.tgz",
          "dependencies": {
            "ms": {
              "version": "0.7.1",
              "from": "https://registry.npmjs.org/ms/-/ms-0.7.1.tgz",
              "resolved": "https://registry.npmjs.org/ms/-/ms-0.7.1.tgz"
            }
          }
        },
        "on-headers": {
          "version": "1.0.0",
          "from": "https://registry.npmjs.org/on-headers/-/on-headers-1.0.0.tgz",
          "resolved": "https://registry.npmjs.org/on-headers/-/on-headers-1.0.0.tgz"
        },
        "vary": {
          "version": "1.0.0",
          "from": "https://registry.npmjs.org/vary/-/vary-1.0.0.tgz",
          "resolved": "https://registry.npmjs.org/vary/-/vary-1.0.0.tgz"
        }
      }
    },
    "cors": {
      "version": "2.7.1",
      "from": "cors@*",
      "resolved": "https://registry.npmjs.org/cors/-/cors-2.7.1.tgz",
      "dependencies": {
        "vary": {
          "version": "1.0.1",
          "from": "vary@>=1.0.0 <2.0.0",
          "resolved": "https://registry.npmjs.org/vary/-/vary-1.0.1.tgz"
        }
      }
    },
    "errorhandler": {
      "version": "1.4.0",
      "from": "https://registry.npmjs.org/errorhandler/-/errorhandler-1.4.0.tgz",
      "resolved": "https://registry.npmjs.org/errorhandler/-/errorhandler-1.4.0.tgz",
      "dependencies": {
        "accepts": {
          "version": "1.2.10",
          "from": "https://registry.npmjs.org/accepts/-/accepts-1.2.10.tgz",
          "resolved": "https://registry.npmjs.org/accepts/-/accepts-1.2.10.tgz",
          "dependencies": {
            "mime-types": {
              "version": "2.1.2",
              "from": "https://registry.npmjs.org/mime-types/-/mime-types-2.1.2.tgz",
              "resolved": "https://registry.npmjs.org/mime-types/-/mime-types-2.1.2.tgz",
              "dependencies": {
                "mime-db": {
                  "version": "1.14.0",
                  "from": "https://registry.npmjs.org/mime-db/-/mime-db-1.14.0.tgz",
                  "resolved": "https://registry.npmjs.org/mime-db/-/mime-db-1.14.0.tgz"
                }
              }
            },
            "negotiator": {
              "version": "0.5.3",
              "from": "https://registry.npmjs.org/negotiator/-/negotiator-0.5.3.tgz",
              "resolved": "https://registry.npmjs.org/negotiator/-/negotiator-0.5.3.tgz"
            }
          }
        },
        "escape-html": {
          "version": "1.0.2",
          "from": "https://registry.npmjs.org/escape-html/-/escape-html-1.0.2.tgz",
          "resolved": "https://registry.npmjs.org/escape-html/-/escape-html-1.0.2.tgz"
        }
      }
    },
    "express": {
      "version": "4.13.0",
      "from": "https://registry.npmjs.org/express/-/express-4.13.0.tgz",
      "resolved": "https://registry.npmjs.org/express/-/express-4.13.0.tgz",
      "dependencies": {
        "accepts": {
          "version": "1.2.9",
          "from": "https://registry.npmjs.org/accepts/-/accepts-1.2.9.tgz",
          "resolved": "https://registry.npmjs.org/accepts/-/accepts-1.2.9.tgz",
          "dependencies": {
            "mime-types": {
              "version": "2.1.1",
              "from": "https://registry.npmjs.org/mime-types/-/mime-types-2.1.1.tgz",
              "resolved": "https://registry.npmjs.org/mime-types/-/mime-types-2.1.1.tgz",
              "dependencies": {
                "mime-db": {
                  "version": "1.13.0",
                  "from": "https://registry.npmjs.org/mime-db/-/mime-db-1.13.0.tgz",
                  "resolved": "https://registry.npmjs.org/mime-db/-/mime-db-1.13.0.tgz"
                }
              }
            },
            "negotiator": {
              "version": "0.5.3",
              "from": "https://registry.npmjs.org/negotiator/-/negotiator-0.5.3.tgz",
              "resolved": "https://registry.npmjs.org/negotiator/-/negotiator-0.5.3.tgz"
            }
          }
        },
        "array-flatten": {
          "version": "1.1.0",
          "from": "https://registry.npmjs.org/array-flatten/-/array-flatten-1.1.0.tgz",
          "resolved": "https://registry.npmjs.org/array-flatten/-/array-flatten-1.1.0.tgz"
        },
        "content-disposition": {
          "version": "0.5.0",
          "from": "https://registry.npmjs.org/content-disposition/-/content-disposition-0.5.0.tgz",
          "resolved": "https://registry.npmjs.org/content-disposition/-/content-disposition-0.5.0.tgz"
        },
        "content-type": {
          "version": "1.0.1",
          "from": "https://registry.npmjs.org/content-type/-/content-type-1.0.1.tgz",
          "resolved": "https://registry.npmjs.org/content-type/-/content-type-1.0.1.tgz"
        },
        "cookie": {
          "version": "0.1.3",
          "from": "https://registry.npmjs.org/cookie/-/cookie-0.1.3.tgz",
          "resolved": "https://registry.npmjs.org/cookie/-/cookie-0.1.3.tgz"
        },
        "cookie-signature": {
          "version": "1.0.6",
          "from": "https://registry.npmjs.org/cookie-signature/-/cookie-signature-1.0.6.tgz",
          "resolved": "https://registry.npmjs.org/cookie-signature/-/cookie-signature-1.0.6.tgz"
        },
        "debug": {
          "version": "2.2.0",
          "from": "https://registry.npmjs.org/debug/-/debug-2.2.0.tgz",
          "resolved": "https://registry.npmjs.org/debug/-/debug-2.2.0.tgz",
          "dependencies": {
            "ms": {
              "version": "0.7.1",
              "from": "https://registry.npmjs.org/ms/-/ms-0.7.1.tgz",
              "resolved": "https://registry.npmjs.org/ms/-/ms-0.7.1.tgz"
            }
          }
        },
        "depd": {
          "version": "1.0.1",
          "from": "https://registry.npmjs.org/depd/-/depd-1.0.1.tgz",
          "resolved": "https://registry.npmjs.org/depd/-/depd-1.0.1.tgz"
        },
        "escape-html": {
          "version": "1.0.2",
          "from": "https://registry.npmjs.org/escape-html/-/escape-html-1.0.2.tgz",
          "resolved": "https://registry.npmjs.org/escape-html/-/escape-html-1.0.2.tgz"
        },
        "etag": {
          "version": "1.7.0",
          "from": "https://registry.npmjs.org/etag/-/etag-1.7.0.tgz",
          "resolved": "https://registry.npmjs.org/etag/-/etag-1.7.0.tgz"
        },
        "finalhandler": {
          "version": "0.4.0",
          "from": "https://registry.npmjs.org/finalhandler/-/finalhandler-0.4.0.tgz",
          "resolved": "https://registry.npmjs.org/finalhandler/-/finalhandler-0.4.0.tgz",
          "dependencies": {
            "unpipe": {
              "version": "1.0.0",
              "from": "https://registry.npmjs.org/unpipe/-/unpipe-1.0.0.tgz",
              "resolved": "https://registry.npmjs.org/unpipe/-/unpipe-1.0.0.tgz"
            }
          }
        },
        "fresh": {
          "version": "0.3.0",
          "from": "https://registry.npmjs.org/fresh/-/fresh-0.3.0.tgz",
          "resolved": "https://registry.npmjs.org/fresh/-/fresh-0.3.0.tgz"
        },
        "merge-descriptors": {
          "version": "1.0.0",
          "from": "https://registry.npmjs.org/merge-descriptors/-/merge-descriptors-1.0.0.tgz",
          "resolved": "https://registry.npmjs.org/merge-descriptors/-/merge-descriptors-1.0.0.tgz"
        },
        "methods": {
          "version": "1.1.1",
          "from": "https://registry.npmjs.org/methods/-/methods-1.1.1.tgz",
          "resolved": "https://registry.npmjs.org/methods/-/methods-1.1.1.tgz"
        },
        "on-finished": {
          "version": "2.3.0",
          "from": "https://registry.npmjs.org/on-finished/-/on-finished-2.3.0.tgz",
          "resolved": "https://registry.npmjs.org/on-finished/-/on-finished-2.3.0.tgz",
          "dependencies": {
            "ee-first": {
              "version": "1.1.1",
              "from": "https://registry.npmjs.org/ee-first/-/ee-first-1.1.1.tgz",
              "resolved": "https://registry.npmjs.org/ee-first/-/ee-first-1.1.1.tgz"
            }
          }
        },
        "parseurl": {
          "version": "1.3.0",
          "from": "https://registry.npmjs.org/parseurl/-/parseurl-1.3.0.tgz",
          "resolved": "https://registry.npmjs.org/parseurl/-/parseurl-1.3.0.tgz"
        },
        "path-to-regexp": {
          "version": "0.1.6",
          "from": "https://registry.npmjs.org/path-to-regexp/-/path-to-regexp-0.1.6.tgz",
          "resolved": "https://registry.npmjs.org/path-to-regexp/-/path-to-regexp-0.1.6.tgz"
        },
        "proxy-addr": {
          "version": "1.0.8",
          "from": "https://registry.npmjs.org/proxy-addr/-/proxy-addr-1.0.8.tgz",
          "resolved": "https://registry.npmjs.org/proxy-addr/-/proxy-addr-1.0.8.tgz",
          "dependencies": {
            "forwarded": {
              "version": "0.1.0",
              "from": "https://registry.npmjs.org/forwarded/-/forwarded-0.1.0.tgz",
              "resolved": "https://registry.npmjs.org/forwarded/-/forwarded-0.1.0.tgz"
            },
            "ipaddr.js": {
              "version": "1.0.1",
              "from": "https://registry.npmjs.org/ipaddr.js/-/ipaddr.js-1.0.1.tgz",
              "resolved": "https://registry.npmjs.org/ipaddr.js/-/ipaddr.js-1.0.1.tgz"
            }
          }
        },
        "qs": {
          "version": "2.4.2",
          "from": "https://registry.npmjs.org/qs/-/qs-2.4.2.tgz",
          "resolved": "https://registry.npmjs.org/qs/-/qs-2.4.2.tgz"
        },
        "range-parser": {
          "version": "1.0.2",
          "from": "https://registry.npmjs.org/range-parser/-/range-parser-1.0.2.tgz",
          "resolved": "https://registry.npmjs.org/range-parser/-/range-parser-1.0.2.tgz"
        },
        "send": {
          "version": "0.13.0",
          "from": "https://registry.npmjs.org/send/-/send-0.13.0.tgz",
          "resolved": "https://registry.npmjs.org/send/-/send-0.13.0.tgz",
          "dependencies": {
            "destroy": {
              "version": "1.0.3",
              "from": "https://registry.npmjs.org/destroy/-/destroy-1.0.3.tgz",
              "resolved": "https://registry.npmjs.org/destroy/-/destroy-1.0.3.tgz"
            },
            "http-errors": {
              "version": "1.3.1",
              "from": "https://registry.npmjs.org/http-errors/-/http-errors-1.3.1.tgz",
              "resolved": "https://registry.npmjs.org/http-errors/-/http-errors-1.3.1.tgz",
              "dependencies": {
                "inherits": {
                  "version": "2.0.1",
                  "from": "inherits@>=2.0.1 <2.1.0",
                  "resolved": "https://registry.npmjs.org/inherits/-/inherits-2.0.1.tgz"
                }
              }
            },
            "mime": {
              "version": "1.3.4",
              "from": "https://registry.npmjs.org/mime/-/mime-1.3.4.tgz",
              "resolved": "https://registry.npmjs.org/mime/-/mime-1.3.4.tgz"
            },
            "ms": {
              "version": "0.7.1",
              "from": "https://registry.npmjs.org/ms/-/ms-0.7.1.tgz",
              "resolved": "https://registry.npmjs.org/ms/-/ms-0.7.1.tgz"
            },
            "statuses": {
              "version": "1.2.1",
              "from": "https://registry.npmjs.org/statuses/-/statuses-1.2.1.tgz",
              "resolved": "https://registry.npmjs.org/statuses/-/statuses-1.2.1.tgz"
            }
          }
        },
        "serve-static": {
          "version": "1.10.0",
          "from": "https://registry.npmjs.org/serve-static/-/serve-static-1.10.0.tgz",
          "resolved": "https://registry.npmjs.org/serve-static/-/serve-static-1.10.0.tgz"
        },
        "type-is": {
          "version": "1.6.3",
          "from": "https://registry.npmjs.org/type-is/-/type-is-1.6.3.tgz",
          "resolved": "https://registry.npmjs.org/type-is/-/type-is-1.6.3.tgz",
          "dependencies": {
            "media-typer": {
              "version": "0.3.0",
              "from": "https://registry.npmjs.org/media-typer/-/media-typer-0.3.0.tgz",
              "resolved": "https://registry.npmjs.org/media-typer/-/media-typer-0.3.0.tgz"
            },
            "mime-types": {
              "version": "2.1.1",
              "from": "https://registry.npmjs.org/mime-types/-/mime-types-2.1.1.tgz",
              "resolved": "https://registry.npmjs.org/mime-types/-/mime-types-2.1.1.tgz",
              "dependencies": {
                "mime-db": {
                  "version": "1.13.0",
                  "from": "https://registry.npmjs.org/mime-db/-/mime-db-1.13.0.tgz",
                  "resolved": "https://registry.npmjs.org/mime-db/-/mime-db-1.13.0.tgz"
                }
              }
            }
          }
        },
        "vary": {
          "version": "1.0.0",
          "from": "https://registry.npmjs.org/vary/-/vary-1.0.0.tgz",
          "resolved": "https://registry.npmjs.org/vary/-/vary-1.0.0.tgz"
        },
        "utils-merge": {
          "version": "1.0.0",
          "from": "https://registry.npmjs.org/utils-merge/-/utils-merge-1.0.0.tgz",
          "resolved": "https://registry.npmjs.org/utils-merge/-/utils-merge-1.0.0.tgz"
        }
      }
    },
    "foundation-apps": {
      "version": "1.1.0",
      "from": "https://registry.npmjs.org/foundation-apps/-/foundation-apps-1.1.0.tgz",
      "resolved": "https://registry.npmjs.org/foundation-apps/-/foundation-apps-1.1.0.tgz"
    },
    "front-router": {
      "version": "1.0.0",
      "from": "https://registry.npmjs.org/front-router/-/front-router-1.0.0.tgz",
      "resolved": "https://registry.npmjs.org/front-router/-/front-router-1.0.0.tgz",
      "dependencies": {
        "front-matter": {
          "version": "1.0.0",
          "from": "https://registry.npmjs.org/front-matter/-/front-matter-1.0.0.tgz",
          "resolved": "https://registry.npmjs.org/front-matter/-/front-matter-1.0.0.tgz",
          "dependencies": {
            "yaml-js": {
              "version": "0.1.1",
              "from": "https://registry.npmjs.org/yaml-js/-/yaml-js-0.1.1.tgz",
              "resolved": "https://registry.npmjs.org/yaml-js/-/yaml-js-0.1.1.tgz"
            }
          }
        },
        "through2": {
          "version": "0.6.5",
          "from": "https://registry.npmjs.org/through2/-/through2-0.6.5.tgz",
          "resolved": "https://registry.npmjs.org/through2/-/through2-0.6.5.tgz",
          "dependencies": {
            "readable-stream": {
              "version": "1.0.33",
              "from": "https://registry.npmjs.org/readable-stream/-/readable-stream-1.0.33.tgz",
              "resolved": "https://registry.npmjs.org/readable-stream/-/readable-stream-1.0.33.tgz",
              "dependencies": {
                "core-util-is": {
                  "version": "1.0.1",
                  "from": "https://registry.npmjs.org/core-util-is/-/core-util-is-1.0.1.tgz",
                  "resolved": "https://registry.npmjs.org/core-util-is/-/core-util-is-1.0.1.tgz"
                },
                "isarray": {
                  "version": "0.0.1",
                  "from": "https://registry.npmjs.org/isarray/-/isarray-0.0.1.tgz",
                  "resolved": "https://registry.npmjs.org/isarray/-/isarray-0.0.1.tgz"
                },
                "string_decoder": {
                  "version": "0.10.31",
                  "from": "https://registry.npmjs.org/string_decoder/-/string_decoder-0.10.31.tgz",
                  "resolved": "https://registry.npmjs.org/string_decoder/-/string_decoder-0.10.31.tgz"
                },
                "inherits": {
                  "version": "2.0.1",
                  "from": "https://registry.npmjs.org/inherits/-/inherits-2.0.1.tgz",
                  "resolved": "https://registry.npmjs.org/inherits/-/inherits-2.0.1.tgz"
                }
              }
            },
            "xtend": {
              "version": "4.0.0",
              "from": "https://registry.npmjs.org/xtend/-/xtend-4.0.0.tgz",
              "resolved": "https://registry.npmjs.org/xtend/-/xtend-4.0.0.tgz"
            }
          }
        }
      }
    },
    "morgan": {
      "version": "1.6.0",
      "from": "https://registry.npmjs.org/morgan/-/morgan-1.6.0.tgz",
      "resolved": "https://registry.npmjs.org/morgan/-/morgan-1.6.0.tgz",
      "dependencies": {
        "basic-auth": {
          "version": "1.0.2",
          "from": "https://registry.npmjs.org/basic-auth/-/basic-auth-1.0.2.tgz",
          "resolved": "https://registry.npmjs.org/basic-auth/-/basic-auth-1.0.2.tgz"
        },
        "debug": {
          "version": "2.2.0",
          "from": "https://registry.npmjs.org/debug/-/debug-2.2.0.tgz",
          "resolved": "https://registry.npmjs.org/debug/-/debug-2.2.0.tgz",
          "dependencies": {
            "ms": {
              "version": "0.7.1",
              "from": "https://registry.npmjs.org/ms/-/ms-0.7.1.tgz",
              "resolved": "https://registry.npmjs.org/ms/-/ms-0.7.1.tgz"
            }
          }
        },
        "depd": {
          "version": "1.0.1",
          "from": "https://registry.npmjs.org/depd/-/depd-1.0.1.tgz",
          "resolved": "https://registry.npmjs.org/depd/-/depd-1.0.1.tgz"
        },
        "on-finished": {
          "version": "2.3.0",
          "from": "https://registry.npmjs.org/on-finished/-/on-finished-2.3.0.tgz",
          "resolved": "https://registry.npmjs.org/on-finished/-/on-finished-2.3.0.tgz",
          "dependencies": {
            "ee-first": {
              "version": "1.1.1",
              "from": "https://registry.npmjs.org/ee-first/-/ee-first-1.1.1.tgz",
              "resolved": "https://registry.npmjs.org/ee-first/-/ee-first-1.1.1.tgz"
            }
          }
        },
        "on-headers": {
          "version": "1.0.0",
          "from": "https://registry.npmjs.org/on-headers/-/on-headers-1.0.0.tgz",
          "resolved": "https://registry.npmjs.org/on-headers/-/on-headers-1.0.0.tgz"
        }
      }
    },
    "node-env-file": {
      "version": "0.1.7",
      "from": "https://registry.npmjs.org/node-env-file/-/node-env-file-0.1.7.tgz",
      "resolved": "https://registry.npmjs.org/node-env-file/-/node-env-file-0.1.7.tgz",
      "dependencies": {
        "chai": {
          "version": "3.0.0",
          "from": "https://registry.npmjs.org/chai/-/chai-3.0.0.tgz",
          "resolved": "https://registry.npmjs.org/chai/-/chai-3.0.0.tgz",
          "dependencies": {
            "assertion-error": {
              "version": "1.0.1",
              "from": "https://registry.npmjs.org/assertion-error/-/assertion-error-1.0.1.tgz",
              "resolved": "https://registry.npmjs.org/assertion-error/-/assertion-error-1.0.1.tgz"
            },
            "deep-eql": {
              "version": "0.1.3",
              "from": "https://registry.npmjs.org/deep-eql/-/deep-eql-0.1.3.tgz",
              "resolved": "https://registry.npmjs.org/deep-eql/-/deep-eql-0.1.3.tgz",
              "dependencies": {
                "type-detect": {
                  "version": "0.1.1",
                  "from": "https://registry.npmjs.org/type-detect/-/type-detect-0.1.1.tgz",
                  "resolved": "https://registry.npmjs.org/type-detect/-/type-detect-0.1.1.tgz"
                }
              }
            },
            "type-detect": {
              "version": "1.0.0",
              "from": "https://registry.npmjs.org/type-detect/-/type-detect-1.0.0.tgz",
              "resolved": "https://registry.npmjs.org/type-detect/-/type-detect-1.0.0.tgz"
            }
          }
        },
        "glob": {
          "version": "4.5.3",
          "from": "https://registry.npmjs.org/glob/-/glob-4.5.3.tgz",
          "resolved": "https://registry.npmjs.org/glob/-/glob-4.5.3.tgz",
          "dependencies": {
            "inflight": {
              "version": "1.0.4",
              "from": "https://registry.npmjs.org/inflight/-/inflight-1.0.4.tgz",
              "resolved": "https://registry.npmjs.org/inflight/-/inflight-1.0.4.tgz",
              "dependencies": {
                "wrappy": {
                  "version": "1.0.1",
                  "from": "https://registry.npmjs.org/wrappy/-/wrappy-1.0.1.tgz",
                  "resolved": "https://registry.npmjs.org/wrappy/-/wrappy-1.0.1.tgz"
                }
              }
            },
            "inherits": {
              "version": "2.0.1",
              "from": "https://registry.npmjs.org/inherits/-/inherits-2.0.1.tgz",
              "resolved": "https://registry.npmjs.org/inherits/-/inherits-2.0.1.tgz"
            },
            "minimatch": {
              "version": "2.0.8",
              "from": "https://registry.npmjs.org/minimatch/-/minimatch-2.0.8.tgz",
              "resolved": "https://registry.npmjs.org/minimatch/-/minimatch-2.0.8.tgz",
              "dependencies": {
                "brace-expansion": {
                  "version": "1.1.0",
                  "from": "https://registry.npmjs.org/brace-expansion/-/brace-expansion-1.1.0.tgz",
                  "resolved": "https://registry.npmjs.org/brace-expansion/-/brace-expansion-1.1.0.tgz",
                  "dependencies": {
                    "balanced-match": {
                      "version": "0.2.0",
                      "from": "https://registry.npmjs.org/balanced-match/-/balanced-match-0.2.0.tgz",
                      "resolved": "https://registry.npmjs.org/balanced-match/-/balanced-match-0.2.0.tgz"
                    },
                    "concat-map": {
                      "version": "0.0.1",
                      "from": "https://registry.npmjs.org/concat-map/-/concat-map-0.0.1.tgz",
                      "resolved": "https://registry.npmjs.org/concat-map/-/concat-map-0.0.1.tgz"
                    }
                  }
                }
              }
            },
            "once": {
              "version": "1.3.2",
              "from": "https://registry.npmjs.org/once/-/once-1.3.2.tgz",
              "resolved": "https://registry.npmjs.org/once/-/once-1.3.2.tgz",
              "dependencies": {
                "wrappy": {
                  "version": "1.0.1",
                  "from": "https://registry.npmjs.org/wrappy/-/wrappy-1.0.1.tgz",
                  "resolved": "https://registry.npmjs.org/wrappy/-/wrappy-1.0.1.tgz"
                }
              }
            }
          }
        },
        "temp": {
          "version": "0.8.3",
          "from": "https://registry.npmjs.org/temp/-/temp-0.8.3.tgz",
          "resolved": "https://registry.npmjs.org/temp/-/temp-0.8.3.tgz",
          "dependencies": {
            "os-tmpdir": {
              "version": "1.0.1",
              "from": "https://registry.npmjs.org/os-tmpdir/-/os-tmpdir-1.0.1.tgz",
              "resolved": "https://registry.npmjs.org/os-tmpdir/-/os-tmpdir-1.0.1.tgz"
            },
            "rimraf": {
              "version": "2.2.8",
              "from": "https://registry.npmjs.org/rimraf/-/rimraf-2.2.8.tgz",
              "resolved": "https://registry.npmjs.org/rimraf/-/rimraf-2.2.8.tgz"
            }
          }
        }
      }
    },
    "path": {
      "version": "0.11.14",
      "from": "https://registry.npmjs.org/path/-/path-0.11.14.tgz",
      "resolved": "https://registry.npmjs.org/path/-/path-0.11.14.tgz"
    },
    "response-time": {
      "version": "2.3.1",
      "from": "https://registry.npmjs.org/response-time/-/response-time-2.3.1.tgz",
      "resolved": "https://registry.npmjs.org/response-time/-/response-time-2.3.1.tgz",
      "dependencies": {
        "depd": {
          "version": "1.0.1",
          "from": "https://registry.npmjs.org/depd/-/depd-1.0.1.tgz",
          "resolved": "https://registry.npmjs.org/depd/-/depd-1.0.1.tgz"
        },
        "on-headers": {
          "version": "1.0.0",
          "from": "https://registry.npmjs.org/on-headers/-/on-headers-1.0.0.tgz",
          "resolved": "https://registry.npmjs.org/on-headers/-/on-headers-1.0.0.tgz"
        }
      }
    }
  }
}
